Microsoft Visual Studio Solution File, Format Version 11.00
# Visual Studio 2008

Project("{5C1A45A4-8B08-5E66-42D4-8F7434A00263}") = "megamanbadguys_v1.2", "Assembly-CSharp.csproj", "{DFAE1C50-FA2C-D179-7B02-77DA33FBCC68}"
EndProject
Global
	GlobalSection(SolutionConfigurationPlatforms) = preSolution
		Debug|Any CPU = Debug|Any CPU
		Release|Any CPU = Release|Any CPU
	EndGlobalSection
	GlobalSection(ProjectConfigurationPlatforms) = postSolution
		{DFAE1C50-FA2C-D179-7B02-77DA33FBCC68}.Debug|Any CPU.ActiveCfg = Debug|Any CPU
		{DFAE1C50-FA2C-D179-7B02-77DA33FBCC68}.Debug|Any CPU.Build.0 = Debug|Any CPU
		{DFAE1C50-FA2C-D179-7B02-77DA33FBCC68}.Release|Any CPU.ActiveCfg = Release|Any CPU
		{DFAE1C50-FA2C-D179-7B02-77DA33FBCC68}.Release|Any CPU.Build.0 = Release|Any CPU
	EndGlobalSection
	GlobalSection(SolutionProperties) = preSolution
		HideSolutionNode = FALSE
	EndGlobalSection
																				GlobalSection(MonoDevelopProperties) = preSolution
		StartupItem = Assembly-CSharp.csproj
		Policies = $0
		$0.TextStylePolicy = $1
		$1.inheritsSet = null
		$1.scope = text/x-csharp
		$0.CSharpFormattingPolicy = $2
		$2.inheritsSet = Mono
		$2.inheritsScope = text/x-csharp
		$2.scope = text/x-csharp
		$0.TextStylePolicy = $3
		$3.FileWidth = 120
		$3.TabWidth = 4
		$3.EolMarker = Unix
		$3.inheritsSet = Mono
		$3.inheritsScope = text/plain
		$3.scope = text/plain
	EndGlobalSection

EndGlobal
